
Microsoft Visual Studio Solution File, Format Version 12.00
# Visual Studio 2012
Project("{F2A71F9B-5D33-465A-A702-920D77279786}") = "DS_Benchmark", "DS_Benchmark\DS_Benchmark.fsproj", "{1F3EDE6E-7D84-45BD-9B0C-00198760A714}"
	ProjectSection(ProjectDependencies) = postProject
		{111C5F89-B2A5-4DC8-9F7B-76AACBA4CADA} = {111C5F89-B2A5-4DC8-9F7B-76AACBA4CADA}
	EndProjectSection
EndProject
Project("{F2A71F9B-5D33-465A-A702-920D77279786}") = "Console1", "Console1\Console1.fsproj", "{5B6130C8-AF0C-4DF5-8C99-BB19EEA2B062}"
	ProjectSection(ProjectDependencies) = postProject
		{1F3EDE6E-7D84-45BD-9B0C-00198760A714} = {1F3EDE6E-7D84-45BD-9B0C-00198760A714}
		{E57144EE-9376-49D0-AD49-0CCF5EE0311C} = {E57144EE-9376-49D0-AD49-0CCF5EE0311C}
	EndProjectSection
EndProject
Project("{F2A71F9B-5D33-465A-A702-920D77279786}") = "Bench", "Bench\Bench.fsproj", "{E57144EE-9376-49D0-AD49-0CCF5EE0311C}"
EndProject
Project("{F2A71F9B-5D33-465A-A702-920D77279786}") = "DS_Benchmark.Tests", "DS_Benchmark.Tests\DS_Benchmark.Tests.fsproj", "{0C6FE13A-320D-4BFE-ABEE-C8ADE8065B37}"
EndProject
Project("{F2A71F9B-5D33-465A-A702-920D77279786}") = "NaiveDataStructures", "NaiveDataStructures\NaiveDataStructures.fsproj", "{111C5F89-B2A5-4DC8-9F7B-76AACBA4CADA}"
EndProject
Project("{F2A71F9B-5D33-465A-A702-920D77279786}") = "PurelyFunctionalDataStructures", "PurelyFunctionalDataStructures\PurelyFunctionalDataStructures.fsproj", "{642FE203-AD3A-4EBD-98C2-D7F4BE8E65B8}"
EndProject
Global
	GlobalSection(SolutionConfigurationPlatforms) = preSolution
		Debug|Any CPU = Debug|Any CPU
		Release|Any CPU = Release|Any CPU
	EndGlobalSection
	GlobalSection(ProjectConfigurationPlatforms) = postSolution
		{0C6FE13A-320D-4BFE-ABEE-C8ADE8065B37}.Debug|Any CPU.ActiveCfg = Debug|Any CPU
		{0C6FE13A-320D-4BFE-ABEE-C8ADE8065B37}.Debug|Any CPU.Build.0 = Debug|Any CPU
		{0C6FE13A-320D-4BFE-ABEE-C8ADE8065B37}.Release|Any CPU.ActiveCfg = Release|Any CPU
		{0C6FE13A-320D-4BFE-ABEE-C8ADE8065B37}.Release|Any CPU.Build.0 = Release|Any CPU
		{111C5F89-B2A5-4DC8-9F7B-76AACBA4CADA}.Debug|Any CPU.ActiveCfg = Debug|Any CPU
		{111C5F89-B2A5-4DC8-9F7B-76AACBA4CADA}.Debug|Any CPU.Build.0 = Debug|Any CPU
		{111C5F89-B2A5-4DC8-9F7B-76AACBA4CADA}.Release|Any CPU.ActiveCfg = Release|Any CPU
		{111C5F89-B2A5-4DC8-9F7B-76AACBA4CADA}.Release|Any CPU.Build.0 = Release|Any CPU
		{1F3EDE6E-7D84-45BD-9B0C-00198760A714}.Debug|Any CPU.ActiveCfg = Debug|Any CPU
		{1F3EDE6E-7D84-45BD-9B0C-00198760A714}.Debug|Any CPU.Build.0 = Debug|Any CPU
		{1F3EDE6E-7D84-45BD-9B0C-00198760A714}.Release|Any CPU.ActiveCfg = Release|Any CPU
		{1F3EDE6E-7D84-45BD-9B0C-00198760A714}.Release|Any CPU.Build.0 = Release|Any CPU
		{5B6130C8-AF0C-4DF5-8C99-BB19EEA2B062}.Debug|Any CPU.ActiveCfg = Debug|Any CPU
		{5B6130C8-AF0C-4DF5-8C99-BB19EEA2B062}.Debug|Any CPU.Build.0 = Debug|Any CPU
		{5B6130C8-AF0C-4DF5-8C99-BB19EEA2B062}.Release|Any CPU.ActiveCfg = Release|Any CPU
		{5B6130C8-AF0C-4DF5-8C99-BB19EEA2B062}.Release|Any CPU.Build.0 = Release|Any CPU
		{642FE203-AD3A-4EBD-98C2-D7F4BE8E65B8}.Debug|Any CPU.ActiveCfg = Debug|Any CPU
		{642FE203-AD3A-4EBD-98C2-D7F4BE8E65B8}.Debug|Any CPU.Build.0 = Debug|Any CPU
		{642FE203-AD3A-4EBD-98C2-D7F4BE8E65B8}.Release|Any CPU.ActiveCfg = Release|Any CPU
		{642FE203-AD3A-4EBD-98C2-D7F4BE8E65B8}.Release|Any CPU.Build.0 = Release|Any CPU
		{E57144EE-9376-49D0-AD49-0CCF5EE0311C}.Debug|Any CPU.ActiveCfg = Debug|Any CPU
		{E57144EE-9376-49D0-AD49-0CCF5EE0311C}.Debug|Any CPU.Build.0 = Debug|Any CPU
		{E57144EE-9376-49D0-AD49-0CCF5EE0311C}.Release|Any CPU.ActiveCfg = Release|Any CPU
		{E57144EE-9376-49D0-AD49-0CCF5EE0311C}.Release|Any CPU.Build.0 = Release|Any CPU
	EndGlobalSection
	GlobalSection(SolutionProperties) = preSolution
		HideSolutionNode = FALSE
	EndGlobalSection
EndGlobal
